// !$*UTF8*$!
{
	archiveVersion = 1;
	classes = {
	};
	objectVersion = 50;
	objects = {

/* Begin PBXBuildFile section */
		DD26D74424D31FF500CF47DE /* AppDelegate.swift in Sources */ = {isa = PBXBuildFile; fileRef = DD26D74324D31FF500CF47DE /* AppDelegate.swift */; };
		DD26D74624D31FF500CF47DE /* SceneDelegate.swift in Sources */ = {isa = PBXBuildFile; fileRef = DD26D74524D31FF500CF47DE /* SceneDelegate.swift */; };
		DD26D74B24D31FF500CF47DE /* Main.storyboard in Resources */ = {isa = PBXBuildFile; fileRef = DD26D74924D31FF500CF47DE /* Main.storyboard */; };
		DD26D74D24D31FF600CF47DE /* Assets.xcassets in Resources */ = {isa = PBXBuildFile; fileRef = DD26D74C24D31FF600CF47DE /* Assets.xcassets */; };
		DD26D75024D31FF600CF47DE /* LaunchScreen.storyboard in Resources */ = {isa = PBXBuildFile; fileRef = DD26D74E24D31FF600CF47DE /* LaunchScreen.storyboard */; };
		DD26D75D24D3223300CF47DE /* PokemonsTVC.swift in Sources */ = {isa = PBXBuildFile; fileRef = DD26D75C24D3223300CF47DE /* PokemonsTVC.swift */; };
		DD26D76024D323DA00CF47DE /* PokemonCollectionTableViewCell.swift in Sources */ = {isa = PBXBuildFile; fileRef = DD26D75F24D323DA00CF47DE /* PokemonCollectionTableViewCell.swift */; };
		DD26D76224D326A900CF47DE /* PokemonCollectionViewCell.swift in Sources */ = {isa = PBXBuildFile; fileRef = DD26D76124D326A900CF47DE /* PokemonCollectionViewCell.swift */; };
		DDD503C124D33EA800C13ACF /* Pokemon.swift in Sources */ = {isa = PBXBuildFile; fileRef = DDD503C024D33EA800C13ACF /* Pokemon.swift */; };
		DDD503C524D3469F00C13ACF /* PokemonAPI.swift in Sources */ = {isa = PBXBuildFile; fileRef = DDD503C424D3469F00C13ACF /* PokemonAPI.swift */; };
		DDD503C724D3656E00C13ACF /* PokemonImage.swift in Sources */ = {isa = PBXBuildFile; fileRef = DDD503C624D3656E00C13ACF /* PokemonImage.swift */; };
		DDD503C924D3AE3B00C13ACF /* PokemonDetailViewController.swift in Sources */ = {isa = PBXBuildFile; fileRef = DDD503C824D3AE3B00C13ACF /* PokemonDetailViewController.swift */; };
/* End PBXBuildFile section */

/* Begin PBXFileReference section */
		DD26D74024D31FF500CF47DE /* Pokemons.app */ = {isa = PBXFileReference; explicitFileType = wrapper.application; includeInIndex = 0; path = Pokemons.app; sourceTree = BUILT_PRODUCTS_DIR; };
		DD26D74324D31FF500CF47DE /* AppDelegate.swift */ = {isa = PBXFileReference; lastKnownFileType = sourcecode.swift; path = AppDelegate.swift; sourceTree = "<group>"; };
		DD26D74524D31FF500CF47DE /* SceneDelegate.swift */ = {isa = PBXFileReference; lastKnownFileType = sourcecode.swift; path = SceneDelegate.swift; sourceTree = "<group>"; };
		DD26D74A24D31FF500CF47DE /* Base */ = {isa = PBXFileReference; lastKnownFileType = file.storyboard; name = Base; path = Base.lproj/Main.storyboard; sourceTree = "<group>"; };
		DD26D74C24D31FF600CF47DE /* Assets.xcassets */ = {isa = PBXFileReference; lastKnownFileType = folder.assetcatalog; path = Assets.xcassets; sourceTree = "<group>"; };
		DD26D74F24D31FF600CF47DE /* Base */ = {isa = PBXFileReference; lastKnownFileType = file.storyboard; name = Base; path = Base.lproj/LaunchScreen.storyboard; sourceTree = "<group>"; };
		DD26D75124D31FF600CF47DE /* Info.plist */ = {isa = PBXFileReference; lastKnownFileType = text.plist.xml; path = Info.plist; sourceTree = "<group>"; };
		DD26D75C24D3223300CF47DE /* PokemonsTVC.swift */ = {isa = PBXFileReference; lastKnownFileType = sourcecode.swift; path = PokemonsTVC.swift; sourceTree = "<group>"; };
		DD26D75F24D323DA00CF47DE /* PokemonCollectionTableViewCell.swift */ = {isa = PBXFileReference; lastKnownFileType = sourcecode.swift; path = PokemonCollectionTableViewCell.swift; sourceTree = "<group>"; };
		DD26D76124D326A900CF47DE /* PokemonCollectionViewCell.swift */ = {isa = PBXFileReference; lastKnownFileType = sourcecode.swift; path = PokemonCollectionViewCell.swift; sourceTree = "<group>"; };
		DDD503C024D33EA800C13ACF /* Pokemon.swift */ = {isa = PBXFileReference; lastKnownFileType = sourcecode.swift; path = Pokemon.swift; sourceTree = "<group>"; };
		DDD503C224D3419A00C13ACF /* pokemonplayground.playground */ = {isa = PBXFileReference; lastKnownFileType = file.playground; path = pokemonplayground.playground; sourceTree = "<group>"; xcLanguageSpecificationIdentifier = xcode.lang.swift; };
		DDD503C424D3469F00C13ACF /* PokemonAPI.swift */ = {isa = PBXFileReference; lastKnownFileType = sourcecode.swift; path = PokemonAPI.swift; sourceTree = "<group>"; };
		DDD503C624D3656E00C13ACF /* PokemonImage.swift */ = {isa = PBXFileReference; lastKnownFileType = sourcecode.swift; path = PokemonImage.swift; sourceTree = "<group>"; };
		DDD503C824D3AE3B00C13ACF /* PokemonDetailViewController.swift */ = {isa = PBXFileReference; lastKnownFileType = sourcecode.swift; path = PokemonDetailViewController.swift; sourceTree = "<group>"; };
/* End PBXFileReference section */

/* Begin PBXFrameworksBuildPhase section */
		DD26D73D24D31FF500CF47DE /* Frameworks */ = {
			isa = PBXFrameworksBuildPhase;
			buildActionMask = 2147483647;
			files = (
			);
			runOnlyForDeploymentPostprocessing = 0;
		};
/* End PBXFrameworksBuildPhase section */

/* Begin PBXGroup section */
		DD26D73724D31FF500CF47DE = {
			isa = PBXGroup;
			children = (
				DD26D74224D31FF500CF47DE /* Pokemons */,
				DD26D74124D31FF500CF47DE /* Products */,
			);
			sourceTree = "<group>";
		};
		DD26D74124D31FF500CF47DE /* Products */ = {
			isa = PBXGroup;
			children = (
				DD26D74024D31FF500CF47DE /* Pokemons.app */,
			);
			name = Products;
			sourceTree = "<group>";
		};
		DD26D74224D31FF500CF47DE /* Pokemons */ = {
			isa = PBXGroup;
			children = (
				DDD503C324D3469300C13ACF /* Network */,
				DD26D75E24D323A700CF47DE /* ViewCells */,
				DD26D75A24D3206800CF47DE /* Resources */,
				DD26D75924D3205E00CF47DE /* ViewControllers */,
				DD26D75724D3204A00CF47DE /* Model */,
				DD26D75B24D3206E00CF47DE /* Storyboard */,
				DD26D74C24D31FF600CF47DE /* Assets.xcassets */,
				DD26D75824D3204F00CF47DE /* ModelController */,
				DD26D75124D31FF600CF47DE /* Info.plist */,
			);
			path = Pokemons;
			sourceTree = "<group>";
		};
		DD26D75724D3204A00CF47DE /* Model */ = {
			isa = PBXGroup;
			children = (
				DDD503C024D33EA800C13ACF /* Pokemon.swift */,
				DDD503C624D3656E00C13ACF /* PokemonImage.swift */,
			);
			path = Model;
			sourceTree = "<group>";
		};
		DD26D75824D3204F00CF47DE /* ModelController */ = {
			isa = PBXGroup;
			children = (
			);
			path = ModelController;
			sourceTree = "<group>";
		};
		DD26D75924D3205E00CF47DE /* ViewControllers */ = {
			isa = PBXGroup;
			children = (
				DD26D75C24D3223300CF47DE /* PokemonsTVC.swift */,
				DDD503C824D3AE3B00C13ACF /* PokemonDetailViewController.swift */,
			);
			path = ViewControllers;
			sourceTree = "<group>";
		};
		DD26D75A24D3206800CF47DE /* Resources */ = {
			isa = PBXGroup;
			children = (
				DDD503C224D3419A00C13ACF /* pokemonplayground.playground */,
				DD26D74324D31FF500CF47DE /* AppDelegate.swift */,
				DD26D74524D31FF500CF47DE /* SceneDelegate.swift */,
			);
			path = Resources;
			sourceTree = "<group>";
		};
		DD26D75B24D3206E00CF47DE /* Storyboard */ = {
			isa = PBXGroup;
			children = (
				DD26D74E24D31FF600CF47DE /* LaunchScreen.storyboard */,
				DD26D74924D31FF500CF47DE /* Main.storyboard */,
			);
			path = Storyboard;
			sourceTree = "<group>";
		};
		DD26D75E24D323A700CF47DE /* ViewCells */ = {
			isa = PBXGroup;
			children = (
				DD26D75F24D323DA00CF47DE /* PokemonCollectionTableViewCell.swift */,
				DD26D76124D326A900CF47DE /* PokemonCollectionViewCell.swift */,
			);
			path = ViewCells;
			sourceTree = "<group>";
		};
		DDD503C324D3469300C13ACF /* Network */ = {
			isa = PBXGroup;
			children = (
				DDD503C424D3469F00C13ACF /* PokemonAPI.swift */,
			);
			path = Network;
			sourceTree = "<group>";
		};
/* End PBXGroup section */

/* Begin PBXNativeTarget section */
		DD26D73F24D31FF500CF47DE /* Pokemons */ = {
			isa = PBXNativeTarget;
			buildConfigurationList = DD26D75424D31FF600CF47DE /* Build configuration list for PBXNativeTarget "Pokemons" */;
			buildPhases = (
				DD26D73C24D31FF500CF47DE /* Sources */,
				DD26D73D24D31FF500CF47DE /* Frameworks */,
				DD26D73E24D31FF500CF47DE /* Resources */,
			);
			buildRules = (
			);
			dependencies = (
			);
			name = Pokemons;
			productName = Pokemons;
			productReference = DD26D74024D31FF500CF47DE /* Pokemons.app */;
			productType = "com.apple.product-type.application";
		};
/* End PBXNativeTarget section */

/* Begin PBXProject section */
		DD26D73824D31FF500CF47DE /* Project object */ = {
			isa = PBXProject;
			attributes = {
				LastSwiftUpdateCheck = 1160;
				LastUpgradeCheck = 1160;
				ORGANIZATIONNAME = "brian vilchez";
				TargetAttributes = {
					DD26D73F24D31FF500CF47DE = {
						CreatedOnToolsVersion = 11.6;
					};
				};
			};
			buildConfigurationList = DD26D73B24D31FF500CF47DE /* Build configuration list for PBXProject "Pokemons" */;
			compatibilityVersion = "Xcode 9.3";
			developmentRegion = en;
			hasScannedForEncodings = 0;
			knownRegions = (
				en,
				Base,
			);
			mainGroup = DD26D73724D31FF500CF47DE;
			productRefGroup = DD26D74124D31FF500CF47DE /* Products */;
			projectDirPath = "";
			projectRoot = "";
			targets = (
				DD26D73F24D31FF500CF47DE /* Pokemons */,
			);
		};
/* End PBXProject section */

/* Begin PBXResourcesBuildPhase section */
		DD26D73E24D31FF500CF47DE /* Resources */ = {
			isa = PBXResourcesBuildPhase;
			buildActionMask = 2147483647;
			files = (
				DD26D75024D31FF600CF47DE /* LaunchScreen.storyboard in Resources */,
				DD26D74D24D31FF600CF47DE /* Assets.xcassets in Resources */,
				DD26D74B24D31FF500CF47DE /* Main.storyboard in Resources */,
			);
			runOnlyForDeploymentPostprocessing = 0;
		};
/* End PBXResourcesBuildPhase section */

/* Begin PBXSourcesBuildPhase section */
		DD26D73C24D31FF500CF47DE /* Sources */ = {
			isa = PBXSourcesBuildPhase;
			buildActionMask = 2147483647;
			files = (
				DD26D74424D31FF500CF47DE /* AppDelegate.swift in Sources */,
				DDD503C724D3656E00C13ACF /* PokemonImage.swift in Sources */,
				DD26D75D24D3223300CF47DE /* PokemonsTVC.swift in Sources */,
				DD26D74624D31FF500CF47DE /* SceneDelegate.swift in Sources */,
				DDD503C524D3469F00C13ACF /* PokemonAPI.swift in Sources */,
				DD26D76224D326A900CF47DE /* PokemonCollectionViewCell.swift in Sources */,
				DD26D76024D323DA00CF47DE /* PokemonCollectionTableViewCell.swift in Sources */,
				DDD503C124D33EA800C13ACF /* Pokemon.swift in Sources */,
				DDD503C924D3AE3B00C13ACF /* PokemonDetailViewController.swift in Sources */,
			);
			runOnlyForDeploymentPostprocessing = 0;
		};
/* End PBXSourcesBuildPhase section */

/* Begin PBXVariantGroup section */
		DD26D74924D31FF500CF47DE /* Main.storyboard */ = {
			isa = PBXVariantGroup;
			children = (
				DD26D74A24D31FF500CF47DE /* Base */,
			);
			name = Main.storyboard;
			sourceTree = "<group>";
		};
		DD26D74E24D31FF600CF47DE /* LaunchScreen.storyboard */ = {
			isa = PBXVariantGroup;
			children = (
				DD26D74F24D31FF600CF47DE /* Base */,
			);
			name = LaunchScreen.storyboard;
			sourceTree = "<group>";
		};
/* End PBXVariantGroup section */

/* Begin XCBuildConfiguration section */
		DD26D75224D31FF600CF47DE /* Debug */ = {
			isa = XCBuildConfiguration;
			buildSettings = {
				ALWAYS_SEARCH_USER_PATHS = NO;
				CLANG_ANALYZER_NONNULL = YES;
				CLANG_ANALYZER_NUMBER_OBJECT_CONVERSION = YES_AGGRESSIVE;
				CLANG_CXX_LANGUAGE_STANDARD = "gnu++14";
				CLANG_CXX_LIBRARY = "libc++";
				CLANG_ENABLE_MODULES = YES;
				CLANG_ENABLE_OBJC_ARC = YES;
				CLANG_ENABLE_OBJC_WEAK = YES;
				CLANG_WARN_BLOCK_CAPTURE_AUTORELEASING = YES;
				CLANG_WARN_BOOL_CONVERSION = YES;
				CLANG_WARN_COMMA = YES;
				CLANG_WARN_CONSTANT_CONVERSION = YES;
				CLANG_WARN_DEPRECATED_OBJC_IMPLEMENTATIONS = YES;
				CLANG_WARN_DIRECT_OBJC_ISA_USAGE = YES_ERROR;
				CLANG_WARN_DOCUMENTATION_COMMENTS = YES;
				CLANG_WARN_EMPTY_BODY = YES;
				CLANG_WARN_ENUM_CONVERSION = YES;
				CLANG_WARN_INFINITE_RECURSION = YES;
				CLANG_WARN_INT_CONVERSION = YES;
				CLANG_WARN_NON_LITERAL_NULL_CONVERSION = YES;
				CLANG_WARN_OBJC_IMPLICIT_RETAIN_SELF = YES;
				CLANG_WARN_OBJC_LITERAL_CONVERSION = YES;
				CLANG_WARN_OBJC_ROOT_CLASS = YES_ERROR;
				CLANG_WARN_RANGE_LOOP_ANALYSIS = YES;
				CLANG_WARN_STRICT_PROTOTYPES = YES;
				CLANG_WARN_SUSPICIOUS_MOVE = YES;
				CLANG_WARN_UNGUARDED_AVAILABILITY = YES_AGGRESSIVE;
				CLANG_WARN_UNREACHABLE_CODE = YES;
				CLANG_WARN__DUPLICATE_METHOD_MATCH = YES;
				COPY_PHASE_STRIP = NO;
				DEBUG_INFORMATION_FORMAT = dwarf;
				ENABLE_STRICT_OBJC_MSGSEND = YES;
				ENABLE_TESTABILITY = YES;
				GCC_C_LANGUAGE_STANDARD = gnu11;
				GCC_DYNAMIC_NO_PIC = NO;
				GCC_NO_COMMON_BLOCKS = YES;
				GCC_OPTIMIZATION_LEVEL = 0;
				GCC_PREPROCESSOR_DEFINITIONS = (
					"DEBUG=1",
					"$(inherited)",
				);
				GCC_WARN_64_TO_32_BIT_CONVERSION = YES;
				GCC_WARN_ABOUT_RETURN_TYPE = YES_ERROR;
				GCC_WARN_UNDECLARED_SELECTOR = YES;
				GCC_WARN_UNINITIALIZED_AUTOS = YES_AGGRESSIVE;
				GCC_WARN_UNUSED_FUNCTION = YES;
				GCC_WARN_UNUSED_VARIABLE = YES;
				IPHONEOS_DEPLOYMENT_TARGET = 13.6;
				MTL_ENABLE_DEBUG_INFO = INCLUDE_SOURCE;
				MTL_FAST_MATH = YES;
				ONLY_ACTIVE_ARCH = YES;
				SDKROOT = iphoneos;
				SWIFT_ACTIVE_COMPILATION_CONDITIONS = DEBUG;
				SWIFT_OPTIMIZATION_LEVEL = "-Onone";
			};
			name = Debug;
		};
		DD26D75324D31FF600CF47DE /* Release */ = {
			isa = XCBuildConfiguration;
			buildSettings = {
				ALWAYS_SEARCH_USER_PATHS = NO;
				CLANG_ANALYZER_NONNULL = YES;
				CLANG_ANALYZER_NUMBER_OBJECT_CONVERSION = YES_AGGRESSIVE;
				CLANG_CXX_LANGUAGE_STANDARD = "gnu++14";
				CLANG_CXX_LIBRARY = "libc++";
				CLANG_ENABLE_MODULES = YES;
				CLANG_ENABLE_OBJC_ARC = YES;
				CLANG_ENABLE_OBJC_WEAK = YES;
				CLANG_WARN_BLOCK_CAPTURE_AUTORELEASING = YES;
				CLANG_WARN_BOOL_CONVERSION = YES;
				CLANG_WARN_COMMA = YES;
				CLANG_WARN_CONSTANT_CONVERSION = YES;
				CLANG_WARN_DEPRECATED_OBJC_IMPLEMENTATIONS = YES;
				CLANG_WARN_DIRECT_OBJC_ISA_USAGE = YES_ERROR;
				CLANG_WARN_DOCUMENTATION_COMMENTS = YES;
				CLANG_WARN_EMPTY_BODY = YES;
				CLANG_WARN_ENUM_CONVERSION = YES;
				CLANG_WARN_INFINITE_RECURSION = YES;
				CLANG_WARN_INT_CONVERSION = YES;
				CLANG_WARN_NON_LITERAL_NULL_CONVERSION = YES;
				CLANG_WARN_OBJC_IMPLICIT_RETAIN_SELF = YES;
				CLANG_WARN_OBJC_LITERAL_CONVERSION = YES;
				CLANG_WARN_OBJC_ROOT_CLASS = YES_ERROR;
				CLANG_WARN_RANGE_LOOP_ANALYSIS = YES;
				CLANG_WARN_STRICT_PROTOTYPES = YES;
				CLANG_WARN_SUSPICIOUS_MOVE = YES;
				CLANG_WARN_UNGUARDED_AVAILABILITY = YES_AGGRESSIVE;
				CLANG_WARN_UNREACHABLE_CODE = YES;
				CLANG_WARN__DUPLICATE_METHOD_MATCH = YES;
				COPY_PHASE_STRIP = NO;
				DEBUG_INFORMATION_FORMAT = "dwarf-with-dsym";
				ENABLE_NS_ASSERTIONS = NO;
				ENABLE_STRICT_OBJC_MSGSEND = YES;
				GCC_C_LANGUAGE_STANDARD = gnu11;
				GCC_NO_COMMON_BLOCKS = YES;
				GCC_WARN_64_TO_32_BIT_CONVERSION = YES;
				GCC_WARN_ABOUT_RETURN_TYPE = YES_ERROR;
				GCC_WARN_UNDECLARED_SELECTOR = YES;
				GCC_WARN_UNINITIALIZED_AUTOS = YES_AGGRESSIVE;
				GCC_WARN_UNUSED_FUNCTION = YES;
				GCC_WARN_UNUSED_VARIABLE = YES;
				IPHONEOS_DEPLOYMENT_TARGET = 13.6;
				MTL_ENABLE_DEBUG_INFO = NO;
				MTL_FAST_MATH = YES;
				SDKROOT = iphoneos;
				SWIFT_COMPILATION_MODE = wholemodule;
				SWIFT_OPTIMIZATION_LEVEL = "-O";
				VALIDATE_PRODUCT = YES;
			};
			name = Release;
		};
		DD26D75524D31FF600CF47DE /* Debug */ = {
			isa = XCBuildConfiguration;
			buildSettings = {
				ASSETCATALOG_COMPILER_APPICON_NAME = AppIcon;
				CODE_SIGN_STYLE = Automatic;
				DEVELOPMENT_TEAM = HG3WUJ8982;
				INFOPLIST_FILE = Pokemons/Info.plist;
				LD_RUNPATH_SEARCH_PATHS = (
					"$(inherited)",
					"@executable_path/Frameworks",
				);
				PRODUCT_BUNDLE_IDENTIFIER = com.BrianVilchez.Pokemons;
				PRODUCT_NAME = "$(TARGET_NAME)";
				SWIFT_VERSION = 5.0;
				TARGETED_DEVICE_FAMILY = "1,2";
			};
			name = Debug;
		};
		DD26D75624D31FF600CF47DE /* Release */ = {
			isa = XCBuildConfiguration;
			buildSettings = {
				ASSETCATALOG_COMPILER_APPICON_NAME = AppIcon;
				CODE_SIGN_STYLE = Automatic;
				DEVELOPMENT_TEAM = HG3WUJ8982;
				INFOPLIST_FILE = Pokemons/Info.plist;
				LD_RUNPATH_SEARCH_PATHS = (
					"$(inherited)",
					"@executable_path/Frameworks",
				);
				PRODUCT_BUNDLE_IDENTIFIER = com.BrianVilchez.Pokemons;
				PRODUCT_NAME = "$(TARGET_NAME)";
				SWIFT_VERSION = 5.0;
				TARGETED_DEVICE_FAMILY = "1,2";
			};
			name = Release;
		};
/* End XCBuildConfiguration section */

/* Begin XCConfigurationList section */
		DD26D73B24D31FF500CF47DE /* Build configuration list for PBXProject "Pokemons" */ = {
			isa = XCConfigurationList;
			buildConfigurations = (
				DD26D75224D31FF600CF47DE /* Debug */,
				DD26D75324D31FF600CF47DE /* Release */,
			);
			defaultConfigurationIsVisible = 0;
			defaultConfigurationName = Release;
		};
		DD26D75424D31FF600CF47DE /* Build configuration list for PBXNativeTarget "Pokemons" */ = {
			isa = XCConfigurationList;
			buildConfigurations = (
				DD26D75524D31FF600CF47DE /* Debug */,
				DD26D75624D31FF600CF47DE /* Release */,
			);
			defaultConfigurationIsVisible = 0;
			defaultConfigurationName = Release;
		};
/* End XCConfigurationList section */
	};
	rootObject = DD26D73824D31FF500CF47DE /* Project object */;
}
